
Microsoft Visual Studio Solution File, Format Version 12.00
# Visual Studio Version 17
VisualStudioVersion = 17.1.32210.238
MinimumVisualStudioVersion = 10.0.40219.1
Project("{FAE04EC0-301F-11D3-BF4B-00C04F79EFBC}") = "tpmodul4_1302200012", "tpmodul4_1302200012\tpmodul4_1302200012.csproj", "{D5C11691-D84B-438E-8869-69E7257F85A4}"
EndProject
Global
	GlobalSection(SolutionConfigurationPlatforms) = preSolution
		Debug|Any CPU = Debug|Any CPU
		Release|Any CPU = Release|Any CPU
	EndGlobalSection
	GlobalSection(ProjectConfigurationPlatforms) = postSolution
		{D5C11691-D84B-438E-8869-69E7257F85A4}.Debug|Any CPU.ActiveCfg = Debug|Any CPU
		{D5C11691-D84B-438E-8869-69E7257F85A4}.Debug|Any CPU.Build.0 = Debug|Any CPU
		{D5C11691-D84B-438E-8869-69E7257F85A4}.Release|Any CPU.ActiveCfg = Release|Any CPU
		{D5C11691-D84B-438E-8869-69E7257F85A4}.Release|Any CPU.Build.0 = Release|Any CPU
	EndGlobalSection
	GlobalSection(SolutionProperties) = preSolution
		HideSolutionNode = FALSE
	EndGlobalSection
	GlobalSection(ExtensibilityGlobals) = postSolution
		SolutionGuid = {1A301EDF-21B9-4699-8117-01F45D8FE319}
	EndGlobalSection
EndGlobal
